// !$*UTF8*$!
{
	archiveVersion = 1;
	classes = {
	};
	objectVersion = 56;
	objects = {

/* Begin PBXBuildFile section */
		F3B5E88E2C73C8B400FC3B97 /* AppDelegate.swift in Sources */ = {isa = PBXBuildFile; fileRef = F3B5E88D2C73C8B400FC3B97 /* AppDelegate.swift */; };
		F3B5E8902C73C8B400FC3B97 /* SceneDelegate.swift in Sources */ = {isa = PBXBuildFile; fileRef = F3B5E88F2C73C8B400FC3B97 /* SceneDelegate.swift */; };
		F3B5E8922C73C8B400FC3B97 /* ViewController.swift in Sources */ = {isa = PBXBuildFile; fileRef = F3B5E8912C73C8B400FC3B97 /* ViewController.swift */; };
		F3B5E8952C73C8B400FC3B97 /* Base in Resources */ = {isa = PBXBuildFile; fileRef = F3B5E8942C73C8B400FC3B97 /* Base */; };
		F3B5E8972C73C8B600FC3B97 /* Assets.xcassets in Resources */ = {isa = PBXBuildFile; fileRef = F3B5E8962C73C8B600FC3B97 /* Assets.xcassets */; };
		F3B5E89A2C73C8B600FC3B97 /* Base in Resources */ = {isa = PBXBuildFile; fileRef = F3B5E8992C73C8B600FC3B97 /* Base */; };
		F3B5E8A52C73C8B600FC3B97 /* CounterTests.swift in Sources */ = {isa = PBXBuildFile; fileRef = F3B5E8A42C73C8B600FC3B97 /* CounterTests.swift */; };
		F3B5E8AF2C73C8B600FC3B97 /* CounterUITests.swift in Sources */ = {isa = PBXBuildFile; fileRef = F3B5E8AE2C73C8B600FC3B97 /* CounterUITests.swift */; };
		F3B5E8B12C73C8B600FC3B97 /* CounterUITestsLaunchTests.swift in Sources */ = {isa = PBXBuildFile; fileRef = F3B5E8B02C73C8B600FC3B97 /* CounterUITestsLaunchTests.swift */; };
/* End PBXBuildFile section */

/* Begin PBXContainerItemProxy section */
		F3B5E8A12C73C8B600FC3B97 /* PBXContainerItemProxy */ = {
			isa = PBXContainerItemProxy;
			containerPortal = F3B5E8822C73C8B400FC3B97 /* Project object */;
			proxyType = 1;
			remoteGlobalIDString = F3B5E8892C73C8B400FC3B97;
			remoteInfo = Counter;
		};
		F3B5E8AB2C73C8B600FC3B97 /* PBXContainerItemProxy */ = {
			isa = PBXContainerItemProxy;
			containerPortal = F3B5E8822C73C8B400FC3B97 /* Project object */;
			proxyType = 1;
			remoteGlobalIDString = F3B5E8892C73C8B400FC3B97;
			remoteInfo = Counter;
		};
/* End PBXContainerItemProxy section */

/* Begin PBXFileReference section */
		F3B5E88A2C73C8B400FC3B97 /* Counter.app */ = {isa = PBXFileReference; explicitFileType = wrapper.application; includeInIndex = 0; path = Counter.app; sourceTree = BUILT_PRODUCTS_DIR; };
		F3B5E88D2C73C8B400FC3B97 /* AppDelegate.swift */ = {isa = PBXFileReference; lastKnownFileType = sourcecode.swift; path = AppDelegate.swift; sourceTree = "<group>"; };
		F3B5E88F2C73C8B400FC3B97 /* SceneDelegate.swift */ = {isa = PBXFileReference; lastKnownFileType = sourcecode.swift; path = SceneDelegate.swift; sourceTree = "<group>"; };
		F3B5E8912C73C8B400FC3B97 /* ViewController.swift */ = {isa = PBXFileReference; lastKnownFileType = sourcecode.swift; path = ViewController.swift; sourceTree = "<group>"; };
		F3B5E8942C73C8B400FC3B97 /* Base */ = {isa = PBXFileReference; lastKnownFileType = file.storyboard; name = Base; path = Base.lproj/Main.storyboard; sourceTree = "<group>"; };
		F3B5E8962C73C8B600FC3B97 /* Assets.xcassets */ = {isa = PBXFileReference; lastKnownFileType = folder.assetcatalog; path = Assets.xcassets; sourceTree = "<group>"; };
		F3B5E8992C73C8B600FC3B97 /* Base */ = {isa = PBXFileReference; lastKnownFileType = file.storyboard; name = Base; path = Base.lproj/LaunchScreen.storyboard; sourceTree = "<group>"; };
		F3B5E89B2C73C8B600FC3B97 /* Info.plist */ = {isa = PBXFileReference; lastKnownFileType = text.plist.xml; path = Info.plist; sourceTree = "<group>"; };
		F3B5E8A02C73C8B600FC3B97 /* CounterTests.xctest */ = {isa = PBXFileReference; explicitFileType = wrapper.cfbundle; includeInIndex = 0; path = CounterTests.xctest; sourceTree = BUILT_PRODUCTS_DIR; };
		F3B5E8A42C73C8B600FC3B97 /* CounterTests.swift */ = {isa = PBXFileReference; lastKnownFileType = sourcecode.swift; path = CounterTests.swift; sourceTree = "<group>"; };
		F3B5E8AA2C73C8B600FC3B97 /* CounterUITests.xctest */ = {isa = PBXFileReference; explicitFileType = wrapper.cfbundle; includeInIndex = 0; path = CounterUITests.xctest; sourceTree = BUILT_PRODUCTS_DIR; };
		F3B5E8AE2C73C8B600FC3B97 /* CounterUITests.swift */ = {isa = PBXFileReference; lastKnownFileType = sourcecode.swift; path = CounterUITests.swift; sourceTree = "<group>"; };
		F3B5E8B02C73C8B600FC3B97 /* CounterUITestsLaunchTests.swift */ = {isa = PBXFileReference; lastKnownFileType = sourcecode.swift; path = CounterUITestsLaunchTests.swift; sourceTree = "<group>"; };
/* End PBXFileReference section */

/* Begin PBXFrameworksBuildPhase section */
		F3B5E8872C73C8B400FC3B97 /* Frameworks */ = {
			isa = PBXFrameworksBuildPhase;
			buildActionMask = 2147483647;
			files = (
			);
			runOnlyForDeploymentPostprocessing = 0;
		};
		F3B5E89D2C73C8B600FC3B97 /* Frameworks */ = {
			isa = PBXFrameworksBuildPhase;
			buildActionMask = 2147483647;
			files = (
			);
			runOnlyForDeploymentPostprocessing = 0;
		};
		F3B5E8A72C73C8B600FC3B97 /* Frameworks */ = {
			isa = PBXFrameworksBuildPhase;
			buildActionMask = 2147483647;
			files = (
			);
			runOnlyForDeploymentPostprocessing = 0;
		};
/* End PBXFrameworksBuildPhase section */

/* Begin PBXGroup section */
		F3B5E8812C73C8B400FC3B97 = {
			isa = PBXGroup;
			children = (
				F3B5E88C2C73C8B400FC3B97 /* Counter */,
				F3B5E8A32C73C8B600FC3B97 /* CounterTests */,
				F3B5E8AD2C73C8B600FC3B97 /* CounterUITests */,
				F3B5E88B2C73C8B400FC3B97 /* Products */,
			);
			sourceTree = "<group>";
		};
		F3B5E88B2C73C8B400FC3B97 /* Products */ = {
			isa = PBXGroup;
			children = (
				F3B5E88A2C73C8B400FC3B97 /* Counter.app */,
				F3B5E8A02C73C8B600FC3B97 /* CounterTests.xctest */,
				F3B5E8AA2C73C8B600FC3B97 /* CounterUITests.xctest */,
			);
			name = Products;
			sourceTree = "<group>";
		};
		F3B5E88C2C73C8B400FC3B97 /* Counter */ = {
			isa = PBXGroup;
			children = (
				F3B5E88D2C73C8B400FC3B97 /* AppDelegate.swift */,
				F3B5E88F2C73C8B400FC3B97 /* SceneDelegate.swift */,
				F3B5E8912C73C8B400FC3B97 /* ViewController.swift */,
				F3B5E8932C73C8B400FC3B97 /* Main.storyboard */,
				F3B5E8962C73C8B600FC3B97 /* Assets.xcassets */,
				F3B5E8982C73C8B600FC3B97 /* LaunchScreen.storyboard */,
				F3B5E89B2C73C8B600FC3B97 /* Info.plist */,
			);
			path = Counter;
			sourceTree = "<group>";
		};
		F3B5E8A32C73C8B600FC3B97 /* CounterTests */ = {
			isa = PBXGroup;
			children = (
				F3B5E8A42C73C8B600FC3B97 /* CounterTests.swift */,
			);
			path = CounterTests;
			sourceTree = "<group>";
		};
		F3B5E8AD2C73C8B600FC3B97 /* CounterUITests */ = {
			isa = PBXGroup;
			children = (
				F3B5E8AE2C73C8B600FC3B97 /* CounterUITests.swift */,
				F3B5E8B02C73C8B600FC3B97 /* CounterUITestsLaunchTests.swift */,
			);
			path = CounterUITests;
			sourceTree = "<group>";
		};
/* End PBXGroup section */

/* Begin PBXNativeTarget section */
		F3B5E8892C73C8B400FC3B97 /* Counter */ = {
			isa = PBXNativeTarget;
			buildConfigurationList = F3B5E8B42C73C8B600FC3B97 /* Build configuration list for PBXNativeTarget "Counter" */;
			buildPhases = (
				F3B5E8862C73C8B400FC3B97 /* Sources */,
				F3B5E8872C73C8B400FC3B97 /* Frameworks */,
				F3B5E8882C73C8B400FC3B97 /* Resources */,
			);
			buildRules = (
			);
			dependencies = (
			);
			name = Counter;
			productName = Counter;
			productReference = F3B5E88A2C73C8B400FC3B97 /* Counter.app */;
			productType = "com.apple.product-type.application";
		};
		F3B5E89F2C73C8B600FC3B97 /* CounterTests */ = {
			isa = PBXNativeTarget;
			buildConfigurationList = F3B5E8B72C73C8B600FC3B97 /* Build configuration list for PBXNativeTarget "CounterTests" */;
			buildPhases = (
				F3B5E89C2C73C8B600FC3B97 /* Sources */,
				F3B5E89D2C73C8B600FC3B97 /* Frameworks */,
				F3B5E89E2C73C8B600FC3B97 /* Resources */,
			);
			buildRules = (
			);
			dependencies = (
				F3B5E8A22C73C8B600FC3B97 /* PBXTargetDependency */,
			);
			name = CounterTests;
			productName = CounterTests;
			productReference = F3B5E8A02C73C8B600FC3B97 /* CounterTests.xctest */;
			productType = "com.apple.product-type.bundle.unit-test";
		};
		F3B5E8A92C73C8B600FC3B97 /* CounterUITests */ = {
			isa = PBXNativeTarget;
			buildConfigurationList = F3B5E8BA2C73C8B600FC3B97 /* Build configuration list for PBXNativeTarget "CounterUITests" */;
			buildPhases = (
				F3B5E8A62C73C8B600FC3B97 /* Sources */,
				F3B5E8A72C73C8B600FC3B97 /* Frameworks */,
				F3B5E8A82C73C8B600FC3B97 /* Resources */,
			);
			buildRules = (
			);
			dependencies = (
				F3B5E8AC2C73C8B600FC3B97 /* PBXTargetDependency */,
			);
			name = CounterUITests;
			productName = CounterUITests;
			productReference = F3B5E8AA2C73C8B600FC3B97 /* CounterUITests.xctest */;
			productType = "com.apple.product-type.bundle.ui-testing";
		};
/* End PBXNativeTarget section */

/* Begin PBXProject section */
		F3B5E8822C73C8B400FC3B97 /* Project object */ = {
			isa = PBXProject;
			attributes = {
				BuildIndependentTargetsInParallel = 1;
				LastSwiftUpdateCheck = 1540;
				LastUpgradeCheck = 1540;
				TargetAttributes = {
					F3B5E8892C73C8B400FC3B97 = {
						CreatedOnToolsVersion = 15.4;
					};
					F3B5E89F2C73C8B600FC3B97 = {
						CreatedOnToolsVersion = 15.4;
						TestTargetID = F3B5E8892C73C8B400FC3B97;
					};
					F3B5E8A92C73C8B600FC3B97 = {
						CreatedOnToolsVersion = 15.4;
						TestTargetID = F3B5E8892C73C8B400FC3B97;
					};
				};
			};
			buildConfigurationList = F3B5E8852C73C8B400FC3B97 /* Build configuration list for PBXProject "Counter" */;
			compatibilityVersion = "Xcode 14.0";
			developmentRegion = en;
			hasScannedForEncodings = 0;
			knownRegions = (
				en,
				Base,
			);
			mainGroup = F3B5E8812C73C8B400FC3B97;
			productRefGroup = F3B5E88B2C73C8B400FC3B97 /* Products */;
			projectDirPath = "";
			projectRoot = "";
			targets = (
				F3B5E8892C73C8B400FC3B97 /* Counter */,
				F3B5E89F2C73C8B600FC3B97 /* CounterTests */,
				F3B5E8A92C73C8B600FC3B97 /* CounterUITests */,
			);
		};
/* End PBXProject section */

/* Begin PBXResourcesBuildPhase section */
		F3B5E8882C73C8B400FC3B97 /* Resources */ = {
			isa = PBXResourcesBuildPhase;
			buildActionMask = 2147483647;
			files = (
				F3B5E8972C73C8B600FC3B97 /* Assets.xcassets in Resources */,
				F3B5E89A2C73C8B600FC3B97 /* Base in Resources */,
				F3B5E8952C73C8B400FC3B97 /* Base in Resources */,
			);
			runOnlyForDeploymentPostprocessing = 0;
		};
		F3B5E89E2C73C8B600FC3B97 /* Resources */ = {
			isa = PBXResourcesBuildPhase;
			buildActionMask = 2147483647;
			files = (
			);
			runOnlyForDeploymentPostprocessing = 0;
		};
		F3B5E8A82C73C8B600FC3B97 /* Resources */ = {
			isa = PBXResourcesBuildPhase;
			buildActionMask = 2147483647;
			files = (
			);
			runOnlyForDeploymentPostprocessing = 0;
		};
/* End PBXResourcesBuildPhase section */

/* Begin PBXSourcesBuildPhase section */
		F3B5E8862C73C8B400FC3B97 /* Sources */ = {
			isa = PBXSourcesBuildPhase;
			buildActionMask = 2147483647;
			files = (
				F3B5E8922C73C8B400FC3B97 /* ViewController.swift in Sources */,
				F3B5E88E2C73C8B400FC3B97 /* AppDelegate.swift in Sources */,
				F3B5E8902C73C8B400FC3B97 /* SceneDelegate.swift in Sources */,
			);
			runOnlyForDeploymentPostprocessing = 0;
		};
		F3B5E89C2C73C8B600FC3B97 /* Sources */ = {
			isa = PBXSourcesBuildPhase;
			buildActionMask = 2147483647;
			files = (
				F3B5E8A52C73C8B600FC3B97 /* CounterTests.swift in Sources */,
			);
			runOnlyForDeploymentPostprocessing = 0;
		};
		F3B5E8A62C73C8B600FC3B97 /* Sources */ = {
			isa = PBXSourcesBuildPhase;
			buildActionMask = 2147483647;
			files = (
				F3B5E8AF2C73C8B600FC3B97 /* CounterUITests.swift in Sources */,
				F3B5E8B12C73C8B600FC3B97 /* CounterUITestsLaunchTests.swift in Sources */,
			);
			runOnlyForDeploymentPostprocessing = 0;
		};
/* End PBXSourcesBuildPhase section */

/* Begin PBXTargetDependency section */
		F3B5E8A22C73C8B600FC3B97 /* PBXTargetDependency */ = {
			isa = PBXTargetDependency;
			target = F3B5E8892C73C8B400FC3B97 /* Counter */;
			targetProxy = F3B5E8A12C73C8B600FC3B97 /* PBXContainerItemProxy */;
		};
		F3B5E8AC2C73C8B600FC3B97 /* PBXTargetDependency */ = {
			isa = PBXTargetDependency;
			target = F3B5E8892C73C8B400FC3B97 /* Counter */;
			targetProxy = F3B5E8AB2C73C8B600FC3B97 /* PBXContainerItemProxy */;
		};
/* End PBXTargetDependency section */

/* Begin PBXVariantGroup section */
		F3B5E8932C73C8B400FC3B97 /* Main.storyboard */ = {
			isa = PBXVariantGroup;
			children = (
				F3B5E8942C73C8B400FC3B97 /* Base */,
			);
			name = Main.storyboard;
			sourceTree = "<group>";
		};
		F3B5E8982C73C8B600FC3B97 /* LaunchScreen.storyboard */ = {
			isa = PBXVariantGroup;
			children = (
				F3B5E8992C73C8B600FC3B97 /* Base */,
			);
			name = LaunchScreen.storyboard;
			sourceTree = "<group>";
		};
/* End PBXVariantGroup section */

/* Begin XCBuildConfiguration section */
		F3B5E8B22C73C8B600FC3B97 /* Debug */ = {
			isa = XCBuildConfiguration;
			buildSettings = {
				ALWAYS_SEARCH_USER_PATHS = NO;
				ASSETCATALOG_COMPILER_GENERATE_SWIFT_ASSET_SYMBOL_EXTENSIONS = YES;
				CLANG_ANALYZER_NONNULL = YES;
				CLANG_ANALYZER_NUMBER_OBJECT_CONVERSION = YES_AGGRESSIVE;
				CLANG_CXX_LANGUAGE_STANDARD = "gnu++20";
				CLANG_ENABLE_MODULES = YES;
				CLANG_ENABLE_OBJC_ARC = YES;
				CLANG_ENABLE_OBJC_WEAK = YES;
				CLANG_WARN_BLOCK_CAPTURE_AUTORELEASING = YES;
				CLANG_WARN_BOOL_CONVERSION = YES;
				CLANG_WARN_COMMA = YES;
				CLANG_WARN_CONSTANT_CONVERSION = YES;
				CLANG_WARN_DEPRECATED_OBJC_IMPLEMENTATIONS = YES;
				CLANG_WARN_DIRECT_OBJC_ISA_USAGE = YES_ERROR;
				CLANG_WARN_DOCUMENTATION_COMMENTS = YES;
				CLANG_WARN_EMPTY_BODY = YES;
				CLANG_WARN_ENUM_CONVERSION = YES;
				CLANG_WARN_INFINITE_RECURSION = YES;
				CLANG_WARN_INT_CONVERSION = YES;
				CLANG_WARN_NON_LITERAL_NULL_CONVERSION = YES;
				CLANG_WARN_OBJC_IMPLICIT_RETAIN_SELF = YES;
				CLANG_WARN_OBJC_LITERAL_CONVERSION = YES;
				CLANG_WARN_OBJC_ROOT_CLASS = YES_ERROR;
				CLANG_WARN_QUOTED_INCLUDE_IN_FRAMEWORK_HEADER = YES;
				CLANG_WARN_RANGE_LOOP_ANALYSIS = YES;
				CLANG_WARN_STRICT_PROTOTYPES = YES;
				CLANG_WARN_SUSPICIOUS_MOVE = YES;
				CLANG_WARN_UNGUARDED_AVAILABILITY = YES_AGGRESSIVE;
				CLANG_WARN_UNREACHABLE_CODE = YES;
				CLANG_WARN__DUPLICATE_METHOD_MATCH = YES;
				COPY_PHASE_STRIP = NO;
				DEBUG_INFORMATION_FORMAT = dwarf;
				ENABLE_STRICT_OBJC_MSGSEND = YES;
				ENABLE_TESTABILITY = YES;
				ENABLE_USER_SCRIPT_SANDBOXING = YES;
				GCC_C_LANGUAGE_STANDARD = gnu17;
				GCC_DYNAMIC_NO_PIC = NO;
				GCC_NO_COMMON_BLOCKS = YES;
				GCC_OPTIMIZATION_LEVEL = 0;
				GCC_PREPROCESSOR_DEFINITIONS = (
					"DEBUG=1",
					"$(inherited)",
				);
				GCC_WARN_64_TO_32_BIT_CONVERSION = YES;
				GCC_WARN_ABOUT_RETURN_TYPE = YES_ERROR;
				GCC_WARN_UNDECLARED_SELECTOR = YES;
				GCC_WARN_UNINITIALIZED_AUTOS = YES_AGGRESSIVE;
				GCC_WARN_UNUSED_FUNCTION = YES;
				GCC_WARN_UNUSED_VARIABLE = YES;
				IPHONEOS_DEPLOYMENT_TARGET = 17.5;
				LOCALIZATION_PREFERS_STRING_CATALOGS = YES;
				MTL_ENABLE_DEBUG_INFO = INCLUDE_SOURCE;
				MTL_FAST_MATH = YES;
				ONLY_ACTIVE_ARCH = YES;
				SDKROOT = iphoneos;
				SWIFT_ACTIVE_COMPILATION_CONDITIONS = "DEBUG $(inherited)";
				SWIFT_OPTIMIZATION_LEVEL = "-Onone";
			};
			name = Debug;
		};
		F3B5E8B32C73C8B600FC3B97 /* Release */ = {
			isa = XCBuildConfiguration;
			buildSettings = {
				ALWAYS_SEARCH_USER_PATHS = NO;
				ASSETCATALOG_COMPILER_GENERATE_SWIFT_ASSET_SYMBOL_EXTENSIONS = YES;
				CLANG_ANALYZER_NONNULL = YES;
				CLANG_ANALYZER_NUMBER_OBJECT_CONVERSION = YES_AGGRESSIVE;
				CLANG_CXX_LANGUAGE_STANDARD = "gnu++20";
				CLANG_ENABLE_MODULES = YES;
				CLANG_ENABLE_OBJC_ARC = YES;
				CLANG_ENABLE_OBJC_WEAK = YES;
				CLANG_WARN_BLOCK_CAPTURE_AUTORELEASING = YES;
				CLANG_WARN_BOOL_CONVERSION = YES;
				CLANG_WARN_COMMA = YES;
				CLANG_WARN_CONSTANT_CONVERSION = YES;
				CLANG_WARN_DEPRECATED_OBJC_IMPLEMENTATIONS = YES;
				CLANG_WARN_DIRECT_OBJC_ISA_USAGE = YES_ERROR;
				CLANG_WARN_DOCUMENTATION_COMMENTS = YES;
				CLANG_WARN_EMPTY_BODY = YES;
				CLANG_WARN_ENUM_CONVERSION = YES;
				CLANG_WARN_INFINITE_RECURSION = YES;
				CLANG_WARN_INT_CONVERSION = YES;
				CLANG_WARN_NON_LITERAL_NULL_CONVERSION = YES;
				CLANG_WARN_OBJC_IMPLICIT_RETAIN_SELF = YES;
				CLANG_WARN_OBJC_LITERAL_CONVERSION = YES;
				CLANG_WARN_OBJC_ROOT_CLASS = YES_ERROR;
				CLANG_WARN_QUOTED_INCLUDE_IN_FRAMEWORK_HEADER = YES;
				CLANG_WARN_RANGE_LOOP_ANALYSIS = YES;
				CLANG_WARN_STRICT_PROTOTYPES = YES;
				CLANG_WARN_SUSPICIOUS_MOVE = YES;
				CLANG_WARN_UNGUARDED_AVAILABILITY = YES_AGGRESSIVE;
				CLANG_WARN_UNREACHABLE_CODE = YES;
				CLANG_WARN__DUPLICATE_METHOD_MATCH = YES;
				COPY_PHASE_STRIP = NO;
				DEBUG_INFORMATION_FORMAT = "dwarf-with-dsym";
				ENABLE_NS_ASSERTIONS = NO;
				ENABLE_STRICT_OBJC_MSGSEND = YES;
				ENABLE_USER_SCRIPT_SANDBOXING = YES;
				GCC_C_LANGUAGE_STANDARD = gnu17;
				GCC_NO_COMMON_BLOCKS = YES;
				GCC_WARN_64_TO_32_BIT_CONVERSION = YES;
				GCC_WARN_ABOUT_RETURN_TYPE = YES_ERROR;
				GCC_WARN_UNDECLARED_SELECTOR = YES;
				GCC_WARN_UNINITIALIZED_AUTOS = YES_AGGRESSIVE;
				GCC_WARN_UNUSED_FUNCTION = YES;
				GCC_WARN_UNUSED_VARIABLE = YES;
				IPHONEOS_DEPLOYMENT_TARGET = 17.5;
				LOCALIZATION_PREFERS_STRING_CATALOGS = YES;
				MTL_ENABLE_DEBUG_INFO = NO;
				MTL_FAST_MATH = YES;
				SDKROOT = iphoneos;
				SWIFT_COMPILATION_MODE = wholemodule;
				VALIDATE_PRODUCT = YES;
			};
			name = Release;
		};
		F3B5E8B52C73C8B600FC3B97 /* Debug */ = {
			isa = XCBuildConfiguration;
			buildSettings = {
				ASSETCATALOG_COMPILER_APPICON_NAME = AppIcon;
				ASSETCATALOG_COMPILER_GLOBAL_ACCENT_COLOR_NAME = AccentColor;
				CODE_SIGN_STYLE = Automatic;
				CURRENT_PROJECT_VERSION = 1;
				DEVELOPMENT_TEAM = WP2F4PWU4M;
				GENERATE_INFOPLIST_FILE = YES;
				INFOPLIST_FILE = Counter/Info.plist;
				INFOPLIST_KEY_UIApplicationSupportsIndirectInputEvents = YES;
				INFOPLIST_KEY_UILaunchStoryboardName = LaunchScreen;
				INFOPLIST_KEY_UIMainStoryboardFile = Main;
				INFOPLIST_KEY_UISupportedInterfaceOrientations_iPad = "UIInterfaceOrientationPortrait UIInterfaceOrientationPortraitUpsideDown UIInterfaceOrientationLandscapeLeft UIInterfaceOrientationLandscapeRight";
				INFOPLIST_KEY_UISupportedInterfaceOrientations_iPhone = "UIInterfaceOrientationPortrait UIInterfaceOrientationLandscapeLeft UIInterfaceOrientationLandscapeRight";
				LD_RUNPATH_SEARCH_PATHS = (
					"$(inherited)",
					"@executable_path/Frameworks",
				);
				MARKETING_VERSION = 1.0;
				PRODUCT_BUNDLE_IDENTIFIER = nastya.Counter;
				PRODUCT_NAME = "$(TARGET_NAME)";
				SWIFT_EMIT_LOC_STRINGS = YES;
				SWIFT_VERSION = 5.0;
				TARGETED_DEVICE_FAMILY = "1,2";
			};
			name = Debug;
		};
		F3B5E8B62C73C8B600FC3B97 /* Release */ = {
			isa = XCBuildConfiguration;
			buildSettings = {
				ASSETCATALOG_COMPILER_APPICON_NAME = AppIcon;
				ASSETCATALOG_COMPILER_GLOBAL_ACCENT_COLOR_NAME = AccentColor;
				CODE_SIGN_STYLE = Automatic;
				CURRENT_PROJECT_VERSION = 1;
				DEVELOPMENT_TEAM = WP2F4PWU4M;
				GENERATE_INFOPLIST_FILE = YES;
				INFOPLIST_FILE = Counter/Info.plist;
				INFOPLIST_KEY_UIApplicationSupportsIndirectInputEvents = YES;
				INFOPLIST_KEY_UILaunchStoryboardName = LaunchScreen;
				INFOPLIST_KEY_UIMainStoryboardFile = Main;
				INFOPLIST_KEY_UISupportedInterfaceOrientations_iPad = "UIInterfaceOrientationPortrait UIInterfaceOrientationPortraitUpsideDown UIInterfaceOrientationLandscapeLeft UIInterfaceOrientationLandscapeRight";
				INFOPLIST_KEY_UISupportedInterfaceOrientations_iPhone = "UIInterfaceOrientationPortrait UIInterfaceOrientationLandscapeLeft UIInterfaceOrientationLandscapeRight";
				LD_RUNPATH_SEARCH_PATHS = (
					"$(inherited)",
					"@executable_path/Frameworks",
				);
				MARKETING_VERSION = 1.0;
				PRODUCT_BUNDLE_IDENTIFIER = nastya.Counter;
				PRODUCT_NAME = "$(TARGET_NAME)";
				SWIFT_EMIT_LOC_STRINGS = YES;
				SWIFT_VERSION = 5.0;
				TARGETED_DEVICE_FAMILY = "1,2";
			};
			name = Release;
		};
		F3B5E8B82C73C8B600FC3B97 /* Debug */ = {
			isa = XCBuildConfiguration;
			buildSettings = {
				ALWAYS_EMBED_SWIFT_STANDARD_LIBRARIES = YES;
				BUNDLE_LOADER = "$(TEST_HOST)";
				CODE_SIGN_STYLE = Automatic;
				CURRENT_PROJECT_VERSION = 1;
				DEVELOPMENT_TEAM = WP2F4PWU4M;
				GENERATE_INFOPLIST_FILE = YES;
				IPHONEOS_DEPLOYMENT_TARGET = 17.5;
				MARKETING_VERSION = 1.0;
				PRODUCT_BUNDLE_IDENTIFIER = nastya.CounterTests;
				PRODUCT_NAME = "$(TARGET_NAME)";
				SWIFT_EMIT_LOC_STRINGS = NO;
				SWIFT_VERSION = 5.0;
				TARGETED_DEVICE_FAMILY = "1,2";
				TEST_HOST = "$(BUILT_PRODUCTS_DIR)/Counter.app/$(BUNDLE_EXECUTABLE_FOLDER_PATH)/Counter";
			};
			name = Debug;
		};
		F3B5E8B92C73C8B600FC3B97 /* Release */ = {
			isa = XCBuildConfiguration;
			buildSettings = {
				ALWAYS_EMBED_SWIFT_STANDARD_LIBRARIES = YES;
				BUNDLE_LOADER = "$(TEST_HOST)";
				CODE_SIGN_STYLE = Automatic;
				CURRENT_PROJECT_VERSION = 1;
				DEVELOPMENT_TEAM = WP2F4PWU4M;
				GENERATE_INFOPLIST_FILE = YES;
				IPHONEOS_DEPLOYMENT_TARGET = 17.5;
				MARKETING_VERSION = 1.0;
				PRODUCT_BUNDLE_IDENTIFIER = nastya.CounterTests;
				PRODUCT_NAME = "$(TARGET_NAME)";
				SWIFT_EMIT_LOC_STRINGS = NO;
				SWIFT_VERSION = 5.0;
				TARGETED_DEVICE_FAMILY = "1,2";
				TEST_HOST = "$(BUILT_PRODUCTS_DIR)/Counter.app/$(BUNDLE_EXECUTABLE_FOLDER_PATH)/Counter";
			};
			name = Release;
		};
		F3B5E8BB2C73C8B600FC3B97 /* Debug */ = {
			isa = XCBuildConfiguration;
			buildSettings = {
				ALWAYS_EMBED_SWIFT_STANDARD_LIBRARIES = YES;
				CODE_SIGN_STYLE = Automatic;
				CURRENT_PROJECT_VERSION = 1;
				DEVELOPMENT_TEAM = WP2F4PWU4M;
				GENERATE_INFOPLIST_FILE = YES;
				MARKETING_VERSION = 1.0;
				PRODUCT_BUNDLE_IDENTIFIER = nastya.CounterUITests;
				PRODUCT_NAME = "$(TARGET_NAME)";
				SWIFT_EMIT_LOC_STRINGS = NO;
				SWIFT_VERSION = 5.0;
				TARGETED_DEVICE_FAMILY = "1,2";
				TEST_TARGET_NAME = Counter;
			};
			name = Debug;
		};
		F3B5E8BC2C73C8B600FC3B97 /* Release */ = {
			isa = XCBuildConfiguration;
			buildSettings = {
				ALWAYS_EMBED_SWIFT_STANDARD_LIBRARIES = YES;
				CODE_SIGN_STYLE = Automatic;
				CURRENT_PROJECT_VERSION = 1;
				DEVELOPMENT_TEAM = WP2F4PWU4M;
				GENERATE_INFOPLIST_FILE = YES;
				MARKETING_VERSION = 1.0;
				PRODUCT_BUNDLE_IDENTIFIER = nastya.CounterUITests;
				PRODUCT_NAME = "$(TARGET_NAME)";
				SWIFT_EMIT_LOC_STRINGS = NO;
				SWIFT_VERSION = 5.0;
				TARGETED_DEVICE_FAMILY = "1,2";
				TEST_TARGET_NAME = Counter;
			};
			name = Release;
		};
/* End XCBuildConfiguration section */

/* Begin XCConfigurationList section */
		F3B5E8852C73C8B400FC3B97 /* Build configuration list for PBXProject "Counter" */ = {
			isa = XCConfigurationList;
			buildConfigurations = (
				F3B5E8B22C73C8B600FC3B97 /* Debug */,
				F3B5E8B32C73C8B600FC3B97 /* Release */,
			);
			defaultConfigurationIsVisible = 0;
			defaultConfigurationName = Release;
		};
		F3B5E8B42C73C8B600FC3B97 /* Build configuration list for PBXNativeTarget "Counter" */ = {
			isa = XCConfigurationList;
			buildConfigurations = (
				F3B5E8B52C73C8B600FC3B97 /* Debug */,
				F3B5E8B62C73C8B600FC3B97 /* Release */,
			);
			defaultConfigurationIsVisible = 0;
			defaultConfigurationName = Release;
		};
		F3B5E8B72C73C8B600FC3B97 /* Build configuration list for PBXNativeTarget "CounterTests" */ = {
			isa = XCConfigurationList;
			buildConfigurations = (
				F3B5E8B82C73C8B600FC3B97 /* Debug */,
				F3B5E8B92C73C8B600FC3B97 /* Release */,
			);
			defaultConfigurationIsVisible = 0;
			defaultConfigurationName = Release;
		};
		F3B5E8BA2C73C8B600FC3B97 /* Build configuration list for PBXNativeTarget "CounterUITests" */ = {
			isa = XCConfigurationList;
			buildConfigurations = (
				F3B5E8BB2C73C8B600FC3B97 /* Debug */,
				F3B5E8BC2C73C8B600FC3B97 /* Release */,
			);
			defaultConfigurationIsVisible = 0;
			defaultConfigurationName = Release;
		};
/* End XCConfigurationList section */
	};
	rootObject = F3B5E8822C73C8B400FC3B97 /* Project object */;
}
